
Microsoft Visual Studio Solution File, Format Version 12.00
# Visual Studio Version 17
VisualStudioVersion = 17.14.37216.2 d17.14
MinimumVisualStudioVersion = 10.0.40219.1
Project("{FAE04EC0-301F-11D3-BF4B-00C04F79EFBC}") = "Client Management System", "Client Management System\Client Management System.csproj", "{476800EA-1684-47D4-B25D-3769BAEFD844}"
EndProject
Global
	GlobalSection(SolutionConfigurationPlatforms) = preSolution
		Debug|Any CPU = Debug|Any CPU
		Release|Any CPU = Release|Any CPU
	EndGlobalSection
	GlobalSection(ProjectConfigurationPlatforms) = postSolution
		{476800EA-1684-47D4-B25D-3769BAEFD844}.Debug|Any CPU.ActiveCfg = Debug|Any CPU
		{476800EA-1684-47D4-B25D-3769BAEFD844}.Debug|Any CPU.Build.0 = Debug|Any CPU
		{476800EA-1684-47D4-B25D-3769BAEFD844}.Release|Any CPU.ActiveCfg = Release|Any CPU
		{476800EA-1684-47D4-B25D-3769BAEFD844}.Release|Any CPU.Build.0 = Release|Any CPU
	EndGlobalSection
	GlobalSection(SolutionProperties) = preSolution
		HideSolutionNode = FALSE
	EndGlobalSection
	GlobalSection(ExtensibilityGlobals) = postSolution
		SolutionGuid = {790B9F6C-9808-4173-AC93-C210A1929C3C}
	EndGlobalSection
EndGlobal
